
Microsoft Visual Studio Solution File, Format Version 12.00
# Visual Studio Version 17
VisualStudioVersion = 17.5.33516.290
MinimumVisualStudioVersion = 10.0.40219.1
Project("{9A19103F-16F7-4668-BE54-9A1E7A4F7556}") = "WebGPUGen", "WebGPUGen\WebGPUGen.csproj", "{C1653A53-2DAA-4DB7-AAE0-167A5D3F7E0C}"
EndProject
Project("{9A19103F-16F7-4668-BE54-9A1E7A4F7556}") = "Evergine.Bindings.WebGPU", "Evergine.Bindings.WebGPU\Evergine.Bindings.WebGPU.csproj", "{EBBA34FA-0B31-4971-BB6F-FE3B055DE5D4}"
EndProject
Project("{9A19103F-16F7-4668-BE54-9A1E7A4F7556}") = "HelloTriangle", "HelloTriangle\HelloTriangle.csproj", "{11F45330-6F71-45A7-B08F-9A14C67F24A0}"
EndProject
Project("{FAE04EC0-301F-11D3-BF4B-00C04F79EFBC}") = "HelloTriangleWasm", "HelloTriangleWasm\HelloTriangleWasm.csproj", "{BB5C4D87-519F-A6DB-C65B-7A0935095483}"
EndProject
Global
	GlobalSection(SolutionConfigurationPlatforms) = preSolution
		Debug|Any CPU = Debug|Any CPU
		Release|Any CPU = Release|Any CPU
	EndGlobalSection
	GlobalSection(ProjectConfigurationPlatforms) = postSolution
		{C1653A53-2DAA-4DB7-AAE0-167A5D3F7E0C}.Debug|Any CPU.ActiveCfg = Debug|Any CPU
		{C1653A53-2DAA-4DB7-AAE0-167A5D3F7E0C}.Debug|Any CPU.Build.0 = Debug|Any CPU
		{C1653A53-2DAA-4DB7-AAE0-167A5D3F7E0C}.Release|Any CPU.ActiveCfg = Release|Any CPU
		{C1653A53-2DAA-4DB7-AAE0-167A5D3F7E0C}.Release|Any CPU.Build.0 = Release|Any CPU
		{EBBA34FA-0B31-4971-BB6F-FE3B055DE5D4}.Debug|Any CPU.ActiveCfg = Debug|Any CPU
		{EBBA34FA-0B31-4971-BB6F-FE3B055DE5D4}.Debug|Any CPU.Build.0 = Debug|Any CPU
		{EBBA34FA-0B31-4971-BB6F-FE3B055DE5D4}.Release|Any CPU.ActiveCfg = Release|Any CPU
		{EBBA34FA-0B31-4971-BB6F-FE3B055DE5D4}.Release|Any CPU.Build.0 = Release|Any CPU
		{11F45330-6F71-45A7-B08F-9A14C67F24A0}.Debug|Any CPU.ActiveCfg = Debug|Any CPU
		{11F45330-6F71-45A7-B08F-9A14C67F24A0}.Debug|Any CPU.Build.0 = Debug|Any CPU
		{11F45330-6F71-45A7-B08F-9A14C67F24A0}.Release|Any CPU.ActiveCfg = Release|Any CPU
		{11F45330-6F71-45A7-B08F-9A14C67F24A0}.Release|Any CPU.Build.0 = Release|Any CPU
		{BB5C4D87-519F-A6DB-C65B-7A0935095483}.Debug|Any CPU.ActiveCfg = Debug|Any CPU
		{BB5C4D87-519F-A6DB-C65B-7A0935095483}.Debug|Any CPU.Build.0 = Debug|Any CPU
		{BB5C4D87-519F-A6DB-C65B-7A0935095483}.Release|Any CPU.ActiveCfg = Release|Any CPU
		{BB5C4D87-519F-A6DB-C65B-7A0935095483}.Release|Any CPU.Build.0 = Release|Any CPU
	EndGlobalSection
	GlobalSection(SolutionProperties) = preSolution
		HideSolutionNode = FALSE
	EndGlobalSection
	GlobalSection(ExtensibilityGlobals) = postSolution
		SolutionGuid = {55F90676-2299-4551-9A77-3EECAAD9E7F5}
	EndGlobalSection
EndGlobal
